
Microsoft Visual Studio Solution File, Format Version 12.00
# Visual Studio Version 16
VisualStudioVersion = 16.0.30717.126
MinimumVisualStudioVersion = 10.0.40219.1
Project("{FAE04EC0-301F-11D3-BF4B-00C04F79EFBC}") = "PlayDate-App", "PlayDate-App\PlayDate-App.csproj", "{243EB2F2-5E97-4C18-B8E5-1CACBAE51598}"
EndProject
Global
	GlobalSection(SolutionConfigurationPlatforms) = preSolution
		Debug|Any CPU = Debug|Any CPU
		Release|Any CPU = Release|Any CPU
	EndGlobalSection
	GlobalSection(ProjectConfigurationPlatforms) = postSolution
		{243EB2F2-5E97-4C18-B8E5-1CACBAE51598}.Debug|Any CPU.ActiveCfg = Debug|Any CPU
		{243EB2F2-5E97-4C18-B8E5-1CACBAE51598}.Debug|Any CPU.Build.0 = Debug|Any CPU
		{243EB2F2-5E97-4C18-B8E5-1CACBAE51598}.Release|Any CPU.ActiveCfg = Release|Any CPU
		{243EB2F2-5E97-4C18-B8E5-1CACBAE51598}.Release|Any CPU.Build.0 = Release|Any CPU
	EndGlobalSection
	GlobalSection(SolutionProperties) = preSolution
		HideSolutionNode = FALSE
	EndGlobalSection
	GlobalSection(ExtensibilityGlobals) = postSolution
		SolutionGuid = {0FD2D23F-618B-4033-9757-88EA89F941EE}
	EndGlobalSection
EndGlobal
